// !$*UTF8*$!
{
	archiveVersion = 1;
	classes = {
	};
	objectVersion = 46;
	objects = {

/* Begin PBXAggregateTarget section */
		3CDD6E309F1045ABA21D0B0C /* ALL_BUILD */ = {
			isa = PBXAggregateTarget;
			buildConfigurationList = 79F766B045B84C019ED9339B /* Build configuration list for PBXAggregateTarget "ALL_BUILD" */;
			buildPhases = (
				77A2EFB6231E4EF79CF39408 /* CMake Rules */,
			);
			dependencies = (
				1E77EF133B0A40B9A65DC53F /* PBXTargetDependency */,
				A95375C323D648C2AB7F35D7 /* PBXTargetDependency */,
			);
			name = ALL_BUILD;
			productName = ALL_BUILD;
		};
		D68324DACBBA43BE972F5ED9 /* ZERO_CHECK */ = {
			isa = PBXAggregateTarget;
			buildConfigurationList = FF06BB7B8CAB499CB81DB65B /* Build configuration list for PBXAggregateTarget "ZERO_CHECK" */;
			buildPhases = (
				A66493B0233D4F8980F454DB /* CMake Rules */,
			);
			dependencies = (
			);
			name = ZERO_CHECK;
			productName = ZERO_CHECK;
		};
/* End PBXAggregateTarget section */

/* Begin PBXBuildFile section */
		128451F9173D4394A324CD59 /* main.cpp in Sources */ = {isa = PBXBuildFile; fileRef = 6EC6E8590B8F49899E75C552 /* main.cpp */; };
		142D3813232D4642B712A390 /* sensor_fusion.cpp in Sources */ = {isa = PBXBuildFile; fileRef = 734EBBDCE9494D99BDBA9D22 /* sensor_fusion.cpp */; };
		38932D50229B41B8B9D0DB29 /* vehicle.cpp in Sources */ = {isa = PBXBuildFile; fileRef = 8E12B00671554B98A850DE31 /* vehicle.cpp */; };
		3E732C98D1B344F29B806735 /* trajectory.cpp in Sources */ = {isa = PBXBuildFile; fileRef = 15B06DA492064E44A6C37ED8 /* trajectory.cpp */; };
		75FDD2FAA68E4BB492B6F7CA /* path_common.cpp in Sources */ = {isa = PBXBuildFile; fileRef = 3412933DBD834D22B7F87560 /* path_common.cpp */; };
		BF6669E94BA34A9395BE699F /* behavior.cpp in Sources */ = {isa = PBXBuildFile; fileRef = 13B4F87E86404403902D97F8 /* behavior.cpp */; };
		DBF1E0FC38C341B28390451F /* prediction.cpp in Sources */ = {isa = PBXBuildFile; fileRef = E7D602767BB5410CA1E37EC6 /* prediction.cpp */; };
/* End PBXBuildFile section */

/* Begin PBXContainerItemProxy section */
		3826A5B9FBF74D61AE894C07 /* PBXContainerItemProxy */ = {
			isa = PBXContainerItemProxy;
			containerPortal = 75E72B1303514D278517EE65 /* Project object */;
			proxyType = 1;
			remoteGlobalIDString = D68324DACBBA43BE972F5ED9;
			remoteInfo = ZERO_CHECK;
		};
		4DD85D53A34542D9A83DE477 /* PBXContainerItemProxy */ = {
			isa = PBXContainerItemProxy;
			containerPortal = 75E72B1303514D278517EE65 /* Project object */;
			proxyType = 1;
			remoteGlobalIDString = D68324DACBBA43BE972F5ED9;
			remoteInfo = ZERO_CHECK;
		};
		7C251AA80C8A4026B7BEE45A /* PBXContainerItemProxy */ = {
			isa = PBXContainerItemProxy;
			containerPortal = 75E72B1303514D278517EE65 /* Project object */;
			proxyType = 1;
			remoteGlobalIDString = 9A15A531B0A94FE8BB8958EC;
			remoteInfo = path_planning;
		};
/* End PBXContainerItemProxy section */

/* Begin PBXFileReference section */
		13B4F87E86404403902D97F8 /* behavior.cpp */ = {isa = PBXFileReference; explicitFileType = sourcecode.cpp.cpp; fileEncoding = 4; name = behavior.cpp; path = src/behavior.cpp; sourceTree = SOURCE_ROOT; };
		15B06DA492064E44A6C37ED8 /* trajectory.cpp */ = {isa = PBXFileReference; explicitFileType = sourcecode.cpp.cpp; fileEncoding = 4; name = trajectory.cpp; path = src/trajectory.cpp; sourceTree = SOURCE_ROOT; };
		1BFB6D9DE7A8460080A6A24E /* prediction.hpp */ = {isa = PBXFileReference; explicitFileType = sourcecode.cpp.h; fileEncoding = 4; name = prediction.hpp; path = src/prediction.hpp; sourceTree = SOURCE_ROOT; };
		3412933DBD834D22B7F87560 /* path_common.cpp */ = {isa = PBXFileReference; explicitFileType = sourcecode.cpp.cpp; fileEncoding = 4; name = path_common.cpp; path = src/path_common.cpp; sourceTree = SOURCE_ROOT; };
		363D3620905D4F8BBD5C6D4B /* path_common.hpp */ = {isa = PBXFileReference; explicitFileType = sourcecode.cpp.h; fileEncoding = 4; name = path_common.hpp; path = src/path_common.hpp; sourceTree = SOURCE_ROOT; };
		44A3E401665D4232BEE523A2 /* CMakeLists.txt */ = {isa = PBXFileReference; explicitFileType = sourcecode.text; fileEncoding = 4; lastKnownFileType = text; path = CMakeLists.txt; sourceTree = SOURCE_ROOT; };
		5718A02CDB5B4E34A8750410 /* vehicle.hpp */ = {isa = PBXFileReference; explicitFileType = sourcecode.cpp.h; fileEncoding = 4; name = vehicle.hpp; path = src/vehicle.hpp; sourceTree = SOURCE_ROOT; };
		6B6864676AEB495DBBAC7C26 /* behavior.hpp */ = {isa = PBXFileReference; explicitFileType = sourcecode.cpp.h; fileEncoding = 4; name = behavior.hpp; path = src/behavior.hpp; sourceTree = SOURCE_ROOT; };
		6EC6E8590B8F49899E75C552 /* main.cpp */ = {isa = PBXFileReference; explicitFileType = sourcecode.cpp.cpp; fileEncoding = 4; name = main.cpp; path = src/main.cpp; sourceTree = SOURCE_ROOT; };
		734EBBDCE9494D99BDBA9D22 /* sensor_fusion.cpp */ = {isa = PBXFileReference; explicitFileType = sourcecode.cpp.cpp; fileEncoding = 4; name = sensor_fusion.cpp; path = src/sensor_fusion.cpp; sourceTree = SOURCE_ROOT; };
		743E532CA05642B9BC0F9709 /* CMakeLists.txt */ = {isa = PBXFileReference; explicitFileType = sourcecode.text; fileEncoding = 4; lastKnownFileType = text; path = CMakeLists.txt; sourceTree = SOURCE_ROOT; };
		8965396897C548889FE0743B /* CMakeLists.txt */ = {isa = PBXFileReference; explicitFileType = sourcecode.text; fileEncoding = 4; lastKnownFileType = text; path = CMakeLists.txt; sourceTree = SOURCE_ROOT; };
		8E12B00671554B98A850DE31 /* vehicle.cpp */ = {isa = PBXFileReference; explicitFileType = sourcecode.cpp.cpp; fileEncoding = 4; name = vehicle.cpp; path = src/vehicle.cpp; sourceTree = SOURCE_ROOT; };
		A66EAA3146BF4969A9ACF0DA /* sensor_fusion.hpp */ = {isa = PBXFileReference; explicitFileType = sourcecode.cpp.h; fileEncoding = 4; name = sensor_fusion.hpp; path = src/sensor_fusion.hpp; sourceTree = SOURCE_ROOT; };
		D9C7CF94061A4B69B9A1A5C2 /* path_planning */ = {isa = PBXFileReference; explicitFileType = "compiled.mach-o.executable"; path = path_planning; sourceTree = BUILT_PRODUCTS_DIR; };
		E0729CEE295B4828B0FECF12 /* trajectory.hpp */ = {isa = PBXFileReference; explicitFileType = sourcecode.cpp.h; fileEncoding = 4; name = trajectory.hpp; path = src/trajectory.hpp; sourceTree = SOURCE_ROOT; };
		E7D602767BB5410CA1E37EC6 /* prediction.cpp */ = {isa = PBXFileReference; explicitFileType = sourcecode.cpp.cpp; fileEncoding = 4; name = prediction.cpp; path = src/prediction.cpp; sourceTree = SOURCE_ROOT; };
/* End PBXFileReference section */

/* Begin PBXGroup section */
		51CE1F3006974B25A5C2D95C /* ALL_BUILD */ = {
			isa = PBXGroup;
			children = (
				EE5B621E605C4692ACC7A136 /* CMake Rules */,
				8965396897C548889FE0743B /* CMakeLists.txt */,
			);
			name = ALL_BUILD;
			sourceTree = "<group>";
		};
		6D062653CB22416E8A5D8A56 = {
			isa = PBXGroup;
			children = (
				BC1E664733A646E3A407FF69 /* path_planning */,
				51CE1F3006974B25A5C2D95C /* ALL_BUILD */,
				BD5B08B75B2A4FA8A831E282 /* ZERO_CHECK */,
				E3F9CBDFA11C4198BB9BB31D /* Products */,
			);
			sourceTree = "<group>";
		};
		BBEA5647DCAB48A4BBD2B997 /* CMake Rules */ = {
			isa = PBXGroup;
			children = (
			);
			name = "CMake Rules";
			sourceTree = "<group>";
		};
		BC1E664733A646E3A407FF69 /* path_planning */ = {
			isa = PBXGroup;
			children = (
				F0FA635EA65541D6BD0A51FF /* Source Files */,
				D124768CF0A74CDCB1590AA3 /* Header Files */,
				44A3E401665D4232BEE523A2 /* CMakeLists.txt */,
			);
			name = path_planning;
			sourceTree = "<group>";
		};
		BD5B08B75B2A4FA8A831E282 /* ZERO_CHECK */ = {
			isa = PBXGroup;
			children = (
				BBEA5647DCAB48A4BBD2B997 /* CMake Rules */,
				743E532CA05642B9BC0F9709 /* CMakeLists.txt */,
			);
			name = ZERO_CHECK;
			sourceTree = "<group>";
		};
		D124768CF0A74CDCB1590AA3 /* Header Files */ = {
			isa = PBXGroup;
			children = (
				6B6864676AEB495DBBAC7C26 /* behavior.hpp */,
				363D3620905D4F8BBD5C6D4B /* path_common.hpp */,
				1BFB6D9DE7A8460080A6A24E /* prediction.hpp */,
				A66EAA3146BF4969A9ACF0DA /* sensor_fusion.hpp */,
				E0729CEE295B4828B0FECF12 /* trajectory.hpp */,
				5718A02CDB5B4E34A8750410 /* vehicle.hpp */,
			);
			name = "Header Files";
			sourceTree = "<group>";
		};
		E3F9CBDFA11C4198BB9BB31D /* Products */ = {
			isa = PBXGroup;
			children = (
				D9C7CF94061A4B69B9A1A5C2 /* path_planning */,
			);
			name = Products;
			sourceTree = "<group>";
		};
		EE5B621E605C4692ACC7A136 /* CMake Rules */ = {
			isa = PBXGroup;
			children = (
			);
			name = "CMake Rules";
			sourceTree = "<group>";
		};
		F0FA635EA65541D6BD0A51FF /* Source Files */ = {
			isa = PBXGroup;
			children = (
				6EC6E8590B8F49899E75C552 /* main.cpp */,
				13B4F87E86404403902D97F8 /* behavior.cpp */,
				3412933DBD834D22B7F87560 /* path_common.cpp */,
				E7D602767BB5410CA1E37EC6 /* prediction.cpp */,
				734EBBDCE9494D99BDBA9D22 /* sensor_fusion.cpp */,
				15B06DA492064E44A6C37ED8 /* trajectory.cpp */,
				8E12B00671554B98A850DE31 /* vehicle.cpp */,
			);
			name = "Source Files";
			sourceTree = "<group>";
		};
/* End PBXGroup section */

/* Begin PBXNativeTarget section */
		9A15A531B0A94FE8BB8958EC /* path_planning */ = {
			isa = PBXNativeTarget;
			buildConfigurationList = 9F78B337B4EF473ABCDE8E58 /* Build configuration list for PBXNativeTarget "path_planning" */;
			buildPhases = (
				A8C489CE8C594C76BE971A78 /* Sources */,
			);
			buildRules = (
			);
			dependencies = (
				1D957DA3B6344BA1A1DACB18 /* PBXTargetDependency */,
			);
			name = path_planning;
			productName = path_planning;
			productReference = D9C7CF94061A4B69B9A1A5C2 /* path_planning */;
			productType = "com.apple.product-type.tool";
		};
/* End PBXNativeTarget section */

/* Begin PBXProject section */
		75E72B1303514D278517EE65 /* Project object */ = {
			isa = PBXProject;
			attributes = {
				BuildIndependentTargetsInParallel = YES;
				LastUpgradeCheck = 0920;
			};
			buildConfigurationList = D040393312ED49C1BC567349 /* Build configuration list for PBXProject "Path_Planning" */;
			compatibilityVersion = "Xcode 3.2";
			developmentRegion = en;
			hasScannedForEncodings = 0;
			knownRegions = (
				en,
			);
			mainGroup = 6D062653CB22416E8A5D8A56;
			projectDirPath = ../;
			projectRoot = "";
			targets = (
				3CDD6E309F1045ABA21D0B0C /* ALL_BUILD */,
				D68324DACBBA43BE972F5ED9 /* ZERO_CHECK */,
				9A15A531B0A94FE8BB8958EC /* path_planning */,
			);
		};
/* End PBXProject section */

/* Begin PBXShellScriptBuildPhase section */
		77A2EFB6231E4EF79CF39408 /* CMake Rules */ = {
			isa = PBXShellScriptBuildPhase;
			buildActionMask = 2147483647;
			files = (
			);
			name = "CMake Rules";
			runOnlyForDeploymentPostprocessing = 0;
			shellPath = /bin/sh;
			shellScript = "make -C /Users/student/Udacity/sdcn3/1_Path_Planning/MyProject/CarND-Path-Planning-Project-P11/xbuild -f /Users/student/Udacity/sdcn3/1_Path_Planning/MyProject/CarND-Path-Planning-Project-P11/xbuild/CMakeScripts/ALL_BUILD_cmakeRulesBuildPhase.make$CONFIGURATION all";
			showEnvVarsInLog = 0;
		};
		A66493B0233D4F8980F454DB /* CMake Rules */ = {
			isa = PBXShellScriptBuildPhase;
			buildActionMask = 2147483647;
			files = (
			);
			name = "CMake Rules";
			runOnlyForDeploymentPostprocessing = 0;
			shellPath = /bin/sh;
			shellScript = "make -C /Users/student/Udacity/sdcn3/1_Path_Planning/MyProject/CarND-Path-Planning-Project-P11/xbuild -f /Users/student/Udacity/sdcn3/1_Path_Planning/MyProject/CarND-Path-Planning-Project-P11/xbuild/CMakeScripts/ZERO_CHECK_cmakeRulesBuildPhase.make$CONFIGURATION all";
			showEnvVarsInLog = 0;
		};
/* End PBXShellScriptBuildPhase section */

/* Begin PBXSourcesBuildPhase section */
		A8C489CE8C594C76BE971A78 /* Sources */ = {
			isa = PBXSourcesBuildPhase;
			buildActionMask = 2147483647;
			files = (
				BF6669E94BA34A9395BE699F /* behavior.cpp in Sources */,
				128451F9173D4394A324CD59 /* main.cpp in Sources */,
				75FDD2FAA68E4BB492B6F7CA /* path_common.cpp in Sources */,
				DBF1E0FC38C341B28390451F /* prediction.cpp in Sources */,
				142D3813232D4642B712A390 /* sensor_fusion.cpp in Sources */,
				3E732C98D1B344F29B806735 /* trajectory.cpp in Sources */,
				38932D50229B41B8B9D0DB29 /* vehicle.cpp in Sources */,
			);
			runOnlyForDeploymentPostprocessing = 0;
		};
/* End PBXSourcesBuildPhase section */

/* Begin PBXTargetDependency section */
		1D957DA3B6344BA1A1DACB18 /* PBXTargetDependency */ = {
			isa = PBXTargetDependency;
			target = D68324DACBBA43BE972F5ED9 /* ZERO_CHECK */;
			targetProxy = 3826A5B9FBF74D61AE894C07 /* PBXContainerItemProxy */;
		};
		1E77EF133B0A40B9A65DC53F /* PBXTargetDependency */ = {
			isa = PBXTargetDependency;
			target = D68324DACBBA43BE972F5ED9 /* ZERO_CHECK */;
			targetProxy = 4DD85D53A34542D9A83DE477 /* PBXContainerItemProxy */;
		};
		A95375C323D648C2AB7F35D7 /* PBXTargetDependency */ = {
			isa = PBXTargetDependency;
			target = 9A15A531B0A94FE8BB8958EC /* path_planning */;
			targetProxy = 7C251AA80C8A4026B7BEE45A /* PBXContainerItemProxy */;
		};
/* End PBXTargetDependency section */

/* Begin XCBuildConfiguration section */
		052BB135A1FC4A6C9464445C /* MinSizeRel */ = {
			isa = XCBuildConfiguration;
			buildSettings = {
				ONLY_ACTIVE_ARCH = YES;
				SDKROOT = /Applications/Xcode.app/Contents/Developer/Platforms/MacOSX.platform/Developer/SDKs/MacOSX10.13.sdk;
				SYMROOT = "/Users/student/Udacity/sdcn3/1_Path_Planning/MyProject/CarND-Path-Planning-Project-P11/xbuild/build";
			};
			name = MinSizeRel;
		};
		06C0D2D1B5854A09ADC9CC89 /* Debug */ = {
			isa = XCBuildConfiguration;
			buildSettings = {
				COMBINE_HIDPI_IMAGES = YES;
				GCC_GENERATE_DEBUGGING_SYMBOLS = YES;
				GCC_INLINES_ARE_PRIVATE_EXTERN = NO;
				GCC_OPTIMIZATION_LEVEL = 0;
				GCC_PREPROCESSOR_DEFINITIONS = "'CMAKE_INTDIR=\"$(CONFIGURATION)$(EFFECTIVE_PLATFORM_NAME)\"'";
				GCC_SYMBOLS_PRIVATE_EXTERN = NO;
				HEADER_SEARCH_PATHS = (
					/usr/local/include,
					/usr/local/opt/openssl/include,
				);
				INSTALL_PATH = "";
				OTHER_LDFLAGS = " ";
				OTHER_REZFLAGS = "";
				PRODUCT_NAME = ZERO_CHECK;
				SECTORDER_FLAGS = "";
				SYMROOT = "/Users/student/Udacity/sdcn3/1_Path_Planning/MyProject/CarND-Path-Planning-Project-P11/xbuild";
				USE_HEADERMAP = NO;
				WARNING_CFLAGS = (
					"-Wmost",
					"-Wno-four-char-constants",
					"-Wno-unknown-pragmas",
					"$(inherited)",
				);
			};
			name = Debug;
		};
		138BF8D2E50C48A9B5BBE092 /* MinSizeRel */ = {
			isa = XCBuildConfiguration;
			buildSettings = {
				COMBINE_HIDPI_IMAGES = YES;
				GCC_GENERATE_DEBUGGING_SYMBOLS = YES;
				GCC_INLINES_ARE_PRIVATE_EXTERN = NO;
				GCC_OPTIMIZATION_LEVEL = 0;
				GCC_PREPROCESSOR_DEFINITIONS = "'CMAKE_INTDIR=\"$(CONFIGURATION)$(EFFECTIVE_PLATFORM_NAME)\"'";
				GCC_SYMBOLS_PRIVATE_EXTERN = NO;
				HEADER_SEARCH_PATHS = (
					/usr/local/include,
					/usr/local/opt/openssl/include,
				);
				INSTALL_PATH = "";
				OTHER_LDFLAGS = " ";
				OTHER_REZFLAGS = "";
				PRODUCT_NAME = ZERO_CHECK;
				SECTORDER_FLAGS = "";
				SYMROOT = "/Users/student/Udacity/sdcn3/1_Path_Planning/MyProject/CarND-Path-Planning-Project-P11/xbuild";
				USE_HEADERMAP = NO;
				WARNING_CFLAGS = (
					"-Wmost",
					"-Wno-four-char-constants",
					"-Wno-unknown-pragmas",
					"$(inherited)",
				);
			};
			name = MinSizeRel;
		};
		14DF430259B14B448F83528B /* MinSizeRel */ = {
			isa = XCBuildConfiguration;
			buildSettings = {
				COMBINE_HIDPI_IMAGES = YES;
				GCC_GENERATE_DEBUGGING_SYMBOLS = YES;
				GCC_INLINES_ARE_PRIVATE_EXTERN = NO;
				GCC_OPTIMIZATION_LEVEL = 0;
				GCC_PREPROCESSOR_DEFINITIONS = "'CMAKE_INTDIR=\"$(CONFIGURATION)$(EFFECTIVE_PLATFORM_NAME)\"'";
				GCC_SYMBOLS_PRIVATE_EXTERN = NO;
				HEADER_SEARCH_PATHS = (
					/usr/local/include,
					/usr/local/opt/openssl/include,
				);
				INSTALL_PATH = "";
				OTHER_LDFLAGS = " ";
				OTHER_REZFLAGS = "";
				PRODUCT_NAME = ALL_BUILD;
				SECTORDER_FLAGS = "";
				SYMROOT = "/Users/student/Udacity/sdcn3/1_Path_Planning/MyProject/CarND-Path-Planning-Project-P11/xbuild";
				USE_HEADERMAP = NO;
				WARNING_CFLAGS = (
					"-Wmost",
					"-Wno-four-char-constants",
					"-Wno-unknown-pragmas",
					"$(inherited)",
				);
			};
			name = MinSizeRel;
		};
		2BE51CAE576641D3AA04F50F /* Release */ = {
			isa = XCBuildConfiguration;
			buildSettings = {
				COMBINE_HIDPI_IMAGES = YES;
				GCC_GENERATE_DEBUGGING_SYMBOLS = YES;
				GCC_INLINES_ARE_PRIVATE_EXTERN = NO;
				GCC_OPTIMIZATION_LEVEL = 0;
				GCC_PREPROCESSOR_DEFINITIONS = "'CMAKE_INTDIR=\"$(CONFIGURATION)$(EFFECTIVE_PLATFORM_NAME)\"'";
				GCC_SYMBOLS_PRIVATE_EXTERN = NO;
				HEADER_SEARCH_PATHS = (
					/usr/local/include,
					/usr/local/opt/openssl/include,
				);
				INSTALL_PATH = "";
				OTHER_LDFLAGS = " ";
				OTHER_REZFLAGS = "";
				PRODUCT_NAME = ALL_BUILD;
				SECTORDER_FLAGS = "";
				SYMROOT = "/Users/student/Udacity/sdcn3/1_Path_Planning/MyProject/CarND-Path-Planning-Project-P11/xbuild";
				USE_HEADERMAP = NO;
				WARNING_CFLAGS = (
					"-Wmost",
					"-Wno-four-char-constants",
					"-Wno-unknown-pragmas",
					"$(inherited)",
				);
			};
			name = Release;
		};
		3746FF2112D848A4B5838D89 /* MinSizeRel */ = {
			isa = XCBuildConfiguration;
			buildSettings = {
				COMBINE_HIDPI_IMAGES = YES;
				EXECUTABLE_PREFIX = "";
				EXECUTABLE_SUFFIX = "";
				GCC_GENERATE_DEBUGGING_SYMBOLS = NO;
				GCC_INLINES_ARE_PRIVATE_EXTERN = NO;
				GCC_OPTIMIZATION_LEVEL = s;
				GCC_PREPROCESSOR_DEFINITIONS = "'CMAKE_INTDIR=\"$(CONFIGURATION)$(EFFECTIVE_PLATFORM_NAME)\"'";
				GCC_SYMBOLS_PRIVATE_EXTERN = NO;
				HEADER_SEARCH_PATHS = (
					/usr/local/include,
					/usr/local/opt/openssl/include,
				);
				INSTALL_PATH = "";
				LD_RUNPATH_SEARCH_PATHS = "/usr/local/lib /usr/local/opt/openssl/lib /usr/local/Cellar/libuv/1.11.0/lib";
				LIBRARY_SEARCH_PATHS = (
					"/usr/local/lib/$(CONFIGURATION)$(EFFECTIVE_PLATFORM_NAME)",
					/usr/local/lib,
					"/usr/local/opt/openssl/lib/$(CONFIGURATION)$(EFFECTIVE_PLATFORM_NAME)",
					/usr/local/opt/openssl/lib,
					"/usr/local/Cellar/libuv/1.11.0/lib/$(CONFIGURATION)$(EFFECTIVE_PLATFORM_NAME)",
					/usr/local/Cellar/libuv/1.11.0/lib,
				);
				OTHER_CPLUSPLUSFLAGS = (
					"-DNDEBUG",
					"-std=c++11",
				);
				OTHER_LDFLAGS = (
					"-Wl,-search_paths_first",
					"-Wl,-headerpad_max_install_names",
					"-lz",
					"-lssl",
					"-luv",
					"-luWS",
				);
				OTHER_REZFLAGS = "";
				PRODUCT_NAME = path_planning;
				SECTORDER_FLAGS = "";
				SYMROOT = "/Users/student/Udacity/sdcn3/1_Path_Planning/MyProject/CarND-Path-Planning-Project-P11/xbuild";
				USE_HEADERMAP = NO;
				WARNING_CFLAGS = (
					"-Wmost",
					"-Wno-four-char-constants",
					"-Wno-unknown-pragmas",
					"$(inherited)",
				);
			};
			name = MinSizeRel;
		};
		68F340B95FB8484C94CFDA0F /* Release */ = {
			isa = XCBuildConfiguration;
			buildSettings = {
				ONLY_ACTIVE_ARCH = YES;
				SDKROOT = /Applications/Xcode.app/Contents/Developer/Platforms/MacOSX.platform/Developer/SDKs/MacOSX10.13.sdk;
				SYMROOT = "/Users/student/Udacity/sdcn3/1_Path_Planning/MyProject/CarND-Path-Planning-Project-P11/xbuild/build";
			};
			name = Release;
		};
		707B0A3538994E2890D36071 /* Release */ = {
			isa = XCBuildConfiguration;
			buildSettings = {
				COMBINE_HIDPI_IMAGES = YES;
				EXECUTABLE_PREFIX = "";
				EXECUTABLE_SUFFIX = "";
				GCC_GENERATE_DEBUGGING_SYMBOLS = NO;
				GCC_INLINES_ARE_PRIVATE_EXTERN = NO;
				GCC_OPTIMIZATION_LEVEL = 3;
				GCC_PREPROCESSOR_DEFINITIONS = "'CMAKE_INTDIR=\"$(CONFIGURATION)$(EFFECTIVE_PLATFORM_NAME)\"'";
				GCC_SYMBOLS_PRIVATE_EXTERN = NO;
				HEADER_SEARCH_PATHS = (
					/usr/local/include,
					/usr/local/opt/openssl/include,
				);
				INSTALL_PATH = "";
				LD_RUNPATH_SEARCH_PATHS = "/usr/local/lib /usr/local/opt/openssl/lib /usr/local/Cellar/libuv/1.11.0/lib";
				LIBRARY_SEARCH_PATHS = (
					"/usr/local/lib/$(CONFIGURATION)$(EFFECTIVE_PLATFORM_NAME)",
					/usr/local/lib,
					"/usr/local/opt/openssl/lib/$(CONFIGURATION)$(EFFECTIVE_PLATFORM_NAME)",
					/usr/local/opt/openssl/lib,
					"/usr/local/Cellar/libuv/1.11.0/lib/$(CONFIGURATION)$(EFFECTIVE_PLATFORM_NAME)",
					/usr/local/Cellar/libuv/1.11.0/lib,
				);
				OTHER_CPLUSPLUSFLAGS = (
					"-DNDEBUG",
					"-std=c++11",
				);
				OTHER_LDFLAGS = (
					"-Wl,-search_paths_first",
					"-Wl,-headerpad_max_install_names",
					"-lz",
					"-lssl",
					"-luv",
					"-luWS",
				);
				OTHER_REZFLAGS = "";
				PRODUCT_NAME = path_planning;
				SECTORDER_FLAGS = "";
				SYMROOT = "/Users/student/Udacity/sdcn3/1_Path_Planning/MyProject/CarND-Path-Planning-Project-P11/xbuild";
				USE_HEADERMAP = NO;
				WARNING_CFLAGS = (
					"-Wmost",
					"-Wno-four-char-constants",
					"-Wno-unknown-pragmas",
					"$(inherited)",
				);
			};
			name = Release;
		};
		827261FFB84F4F15841F4DA1 /* Debug */ = {
			isa = XCBuildConfiguration;
			buildSettings = {
				ONLY_ACTIVE_ARCH = YES;
				SDKROOT = /Applications/Xcode.app/Contents/Developer/Platforms/MacOSX.platform/Developer/SDKs/MacOSX10.13.sdk;
				SYMROOT = "/Users/student/Udacity/sdcn3/1_Path_Planning/MyProject/CarND-Path-Planning-Project-P11/xbuild/build";
			};
			name = Debug;
		};
		8661ED7D7B944C27AF2F6BE0 /* RelWithDebInfo */ = {
			isa = XCBuildConfiguration;
			buildSettings = {
				COMBINE_HIDPI_IMAGES = YES;
				GCC_GENERATE_DEBUGGING_SYMBOLS = YES;
				GCC_INLINES_ARE_PRIVATE_EXTERN = NO;
				GCC_OPTIMIZATION_LEVEL = 0;
				GCC_PREPROCESSOR_DEFINITIONS = "'CMAKE_INTDIR=\"$(CONFIGURATION)$(EFFECTIVE_PLATFORM_NAME)\"'";
				GCC_SYMBOLS_PRIVATE_EXTERN = NO;
				HEADER_SEARCH_PATHS = (
					/usr/local/include,
					/usr/local/opt/openssl/include,
				);
				INSTALL_PATH = "";
				OTHER_LDFLAGS = " ";
				OTHER_REZFLAGS = "";
				PRODUCT_NAME = ALL_BUILD;
				SECTORDER_FLAGS = "";
				SYMROOT = "/Users/student/Udacity/sdcn3/1_Path_Planning/MyProject/CarND-Path-Planning-Project-P11/xbuild";
				USE_HEADERMAP = NO;
				WARNING_CFLAGS = (
					"-Wmost",
					"-Wno-four-char-constants",
					"-Wno-unknown-pragmas",
					"$(inherited)",
				);
			};
			name = RelWithDebInfo;
		};
		B4D0EB958A35413BA52CFC20 /* Debug */ = {
			isa = XCBuildConfiguration;
			buildSettings = {
				COMBINE_HIDPI_IMAGES = YES;
				GCC_GENERATE_DEBUGGING_SYMBOLS = YES;
				GCC_INLINES_ARE_PRIVATE_EXTERN = NO;
				GCC_OPTIMIZATION_LEVEL = 0;
				GCC_PREPROCESSOR_DEFINITIONS = "'CMAKE_INTDIR=\"$(CONFIGURATION)$(EFFECTIVE_PLATFORM_NAME)\"'";
				GCC_SYMBOLS_PRIVATE_EXTERN = NO;
				HEADER_SEARCH_PATHS = (
					/usr/local/include,
					/usr/local/opt/openssl/include,
				);
				INSTALL_PATH = "";
				OTHER_LDFLAGS = " ";
				OTHER_REZFLAGS = "";
				PRODUCT_NAME = ALL_BUILD;
				SECTORDER_FLAGS = "";
				SYMROOT = "/Users/student/Udacity/sdcn3/1_Path_Planning/MyProject/CarND-Path-Planning-Project-P11/xbuild";
				USE_HEADERMAP = NO;
				WARNING_CFLAGS = (
					"-Wmost",
					"-Wno-four-char-constants",
					"-Wno-unknown-pragmas",
					"$(inherited)",
				);
			};
			name = Debug;
		};
		C88E2A67B60D45C8A441B987 /* Debug */ = {
			isa = XCBuildConfiguration;
			buildSettings = {
				COMBINE_HIDPI_IMAGES = YES;
				EXECUTABLE_PREFIX = "";
				EXECUTABLE_SUFFIX = "";
				GCC_GENERATE_DEBUGGING_SYMBOLS = YES;
				GCC_INLINES_ARE_PRIVATE_EXTERN = NO;
				GCC_OPTIMIZATION_LEVEL = 0;
				GCC_PREPROCESSOR_DEFINITIONS = "'CMAKE_INTDIR=\"$(CONFIGURATION)$(EFFECTIVE_PLATFORM_NAME)\"'";
				GCC_SYMBOLS_PRIVATE_EXTERN = NO;
				HEADER_SEARCH_PATHS = (
					/usr/local/include,
					/usr/local/opt/openssl/include,
				);
				INSTALL_PATH = "";
				LD_RUNPATH_SEARCH_PATHS = "/usr/local/lib /usr/local/opt/openssl/lib /usr/local/Cellar/libuv/1.11.0/lib";
				LIBRARY_SEARCH_PATHS = (
					"/usr/local/lib/$(CONFIGURATION)$(EFFECTIVE_PLATFORM_NAME)",
					/usr/local/lib,
					"/usr/local/opt/openssl/lib/$(CONFIGURATION)$(EFFECTIVE_PLATFORM_NAME)",
					/usr/local/opt/openssl/lib,
					"/usr/local/Cellar/libuv/1.11.0/lib/$(CONFIGURATION)$(EFFECTIVE_PLATFORM_NAME)",
					/usr/local/Cellar/libuv/1.11.0/lib,
				);
				OTHER_CPLUSPLUSFLAGS = "     -std=c++11";
				OTHER_LDFLAGS = (
					"-Wl,-search_paths_first",
					"-Wl,-headerpad_max_install_names",
					"-lz",
					"-lssl",
					"-luv",
					"-luWS",
				);
				OTHER_REZFLAGS = "";
				PRODUCT_NAME = path_planning;
				SECTORDER_FLAGS = "";
				SYMROOT = "/Users/student/Udacity/sdcn3/1_Path_Planning/MyProject/CarND-Path-Planning-Project-P11/xbuild";
				USE_HEADERMAP = NO;
				WARNING_CFLAGS = (
					"-Wmost",
					"-Wno-four-char-constants",
					"-Wno-unknown-pragmas",
					"$(inherited)",
				);
			};
			name = Debug;
		};
		D40C853B18AD4962987A668A /* Release */ = {
			isa = XCBuildConfiguration;
			buildSettings = {
				COMBINE_HIDPI_IMAGES = YES;
				GCC_GENERATE_DEBUGGING_SYMBOLS = YES;
				GCC_INLINES_ARE_PRIVATE_EXTERN = NO;
				GCC_OPTIMIZATION_LEVEL = 0;
				GCC_PREPROCESSOR_DEFINITIONS = "'CMAKE_INTDIR=\"$(CONFIGURATION)$(EFFECTIVE_PLATFORM_NAME)\"'";
				GCC_SYMBOLS_PRIVATE_EXTERN = NO;
				HEADER_SEARCH_PATHS = (
					/usr/local/include,
					/usr/local/opt/openssl/include,
				);
				INSTALL_PATH = "";
				OTHER_LDFLAGS = " ";
				OTHER_REZFLAGS = "";
				PRODUCT_NAME = ZERO_CHECK;
				SECTORDER_FLAGS = "";
				SYMROOT = "/Users/student/Udacity/sdcn3/1_Path_Planning/MyProject/CarND-Path-Planning-Project-P11/xbuild";
				USE_HEADERMAP = NO;
				WARNING_CFLAGS = (
					"-Wmost",
					"-Wno-four-char-constants",
					"-Wno-unknown-pragmas",
					"$(inherited)",
				);
			};
			name = Release;
		};
		D728DE26680C4D84AAAD72DF /* RelWithDebInfo */ = {
			isa = XCBuildConfiguration;
			buildSettings = {
				ONLY_ACTIVE_ARCH = YES;
				SDKROOT = /Applications/Xcode.app/Contents/Developer/Platforms/MacOSX.platform/Developer/SDKs/MacOSX10.13.sdk;
				SYMROOT = "/Users/student/Udacity/sdcn3/1_Path_Planning/MyProject/CarND-Path-Planning-Project-P11/xbuild/build";
			};
			name = RelWithDebInfo;
		};
		EAA54234BD9C463FA5551210 /* RelWithDebInfo */ = {
			isa = XCBuildConfiguration;
			buildSettings = {
				COMBINE_HIDPI_IMAGES = YES;
				EXECUTABLE_PREFIX = "";
				EXECUTABLE_SUFFIX = "";
				GCC_GENERATE_DEBUGGING_SYMBOLS = YES;
				GCC_INLINES_ARE_PRIVATE_EXTERN = NO;
				GCC_OPTIMIZATION_LEVEL = 2;
				GCC_PREPROCESSOR_DEFINITIONS = "'CMAKE_INTDIR=\"$(CONFIGURATION)$(EFFECTIVE_PLATFORM_NAME)\"'";
				GCC_SYMBOLS_PRIVATE_EXTERN = NO;
				HEADER_SEARCH_PATHS = (
					/usr/local/include,
					/usr/local/opt/openssl/include,
				);
				INSTALL_PATH = "";
				LD_RUNPATH_SEARCH_PATHS = "/usr/local/lib /usr/local/opt/openssl/lib /usr/local/Cellar/libuv/1.11.0/lib";
				LIBRARY_SEARCH_PATHS = (
					"/usr/local/lib/$(CONFIGURATION)$(EFFECTIVE_PLATFORM_NAME)",
					/usr/local/lib,
					"/usr/local/opt/openssl/lib/$(CONFIGURATION)$(EFFECTIVE_PLATFORM_NAME)",
					/usr/local/opt/openssl/lib,
					"/usr/local/Cellar/libuv/1.11.0/lib/$(CONFIGURATION)$(EFFECTIVE_PLATFORM_NAME)",
					/usr/local/Cellar/libuv/1.11.0/lib,
				);
				OTHER_CPLUSPLUSFLAGS = (
					"-DNDEBUG",
					"-std=c++11",
				);
				OTHER_LDFLAGS = (
					"-Wl,-search_paths_first",
					"-Wl,-headerpad_max_install_names",
					"-lz",
					"-lssl",
					"-luv",
					"-luWS",
				);
				OTHER_REZFLAGS = "";
				PRODUCT_NAME = path_planning;
				SECTORDER_FLAGS = "";
				SYMROOT = "/Users/student/Udacity/sdcn3/1_Path_Planning/MyProject/CarND-Path-Planning-Project-P11/xbuild";
				USE_HEADERMAP = NO;
				WARNING_CFLAGS = (
					"-Wmost",
					"-Wno-four-char-constants",
					"-Wno-unknown-pragmas",
					"$(inherited)",
				);
			};
			name = RelWithDebInfo;
		};
		FD696BC6B9CD4088BF4E440D /* RelWithDebInfo */ = {
			isa = XCBuildConfiguration;
			buildSettings = {
				COMBINE_HIDPI_IMAGES = YES;
				GCC_GENERATE_DEBUGGING_SYMBOLS = YES;
				GCC_INLINES_ARE_PRIVATE_EXTERN = NO;
				GCC_OPTIMIZATION_LEVEL = 0;
				GCC_PREPROCESSOR_DEFINITIONS = "'CMAKE_INTDIR=\"$(CONFIGURATION)$(EFFECTIVE_PLATFORM_NAME)\"'";
				GCC_SYMBOLS_PRIVATE_EXTERN = NO;
				HEADER_SEARCH_PATHS = (
					/usr/local/include,
					/usr/local/opt/openssl/include,
				);
				INSTALL_PATH = "";
				OTHER_LDFLAGS = " ";
				OTHER_REZFLAGS = "";
				PRODUCT_NAME = ZERO_CHECK;
				SECTORDER_FLAGS = "";
				SYMROOT = "/Users/student/Udacity/sdcn3/1_Path_Planning/MyProject/CarND-Path-Planning-Project-P11/xbuild";
				USE_HEADERMAP = NO;
				WARNING_CFLAGS = (
					"-Wmost",
					"-Wno-four-char-constants",
					"-Wno-unknown-pragmas",
					"$(inherited)",
				);
			};
			name = RelWithDebInfo;
		};
/* End XCBuildConfiguration section */

/* Begin XCConfigurationList section */
		79F766B045B84C019ED9339B /* Build configuration list for PBXAggregateTarget "ALL_BUILD" */ = {
			isa = XCConfigurationList;
			buildConfigurations = (
				B4D0EB958A35413BA52CFC20 /* Debug */,
				2BE51CAE576641D3AA04F50F /* Release */,
				14DF430259B14B448F83528B /* MinSizeRel */,
				8661ED7D7B944C27AF2F6BE0 /* RelWithDebInfo */,
			);
			defaultConfigurationIsVisible = 0;
			defaultConfigurationName = Debug;
		};
		9F78B337B4EF473ABCDE8E58 /* Build configuration list for PBXNativeTarget "path_planning" */ = {
			isa = XCConfigurationList;
			buildConfigurations = (
				C88E2A67B60D45C8A441B987 /* Debug */,
				707B0A3538994E2890D36071 /* Release */,
				3746FF2112D848A4B5838D89 /* MinSizeRel */,
				EAA54234BD9C463FA5551210 /* RelWithDebInfo */,
			);
			defaultConfigurationIsVisible = 0;
			defaultConfigurationName = Debug;
		};
		D040393312ED49C1BC567349 /* Build configuration list for PBXProject "Path_Planning" */ = {
			isa = XCConfigurationList;
			buildConfigurations = (
				827261FFB84F4F15841F4DA1 /* Debug */,
				68F340B95FB8484C94CFDA0F /* Release */,
				052BB135A1FC4A6C9464445C /* MinSizeRel */,
				D728DE26680C4D84AAAD72DF /* RelWithDebInfo */,
			);
			defaultConfigurationIsVisible = 0;
			defaultConfigurationName = Debug;
		};
		FF06BB7B8CAB499CB81DB65B /* Build configuration list for PBXAggregateTarget "ZERO_CHECK" */ = {
			isa = XCConfigurationList;
			buildConfigurations = (
				06C0D2D1B5854A09ADC9CC89 /* Debug */,
				D40C853B18AD4962987A668A /* Release */,
				138BF8D2E50C48A9B5BBE092 /* MinSizeRel */,
				FD696BC6B9CD4088BF4E440D /* RelWithDebInfo */,
			);
			defaultConfigurationIsVisible = 0;
			defaultConfigurationName = Debug;
		};
/* End XCConfigurationList section */
	};
	rootObject = 75E72B1303514D278517EE65 /* Project object */;
}
